# THIS IS AN AUTOGENERATED FILE. DO NOT EDIT THIS FILE DIRECTLY.
# yarn lockfile v1


caniuse-lite@^1.0.30001721:
  version "1.0.30001737"
  resolved "https://registry.yarnpkg.com/caniuse-lite/-/caniuse-lite-1.0.30001737.tgz#8292bb7591932ff09e9a765f12fdf5629a241ccc"
  integrity sha512-BiloLiXtQNrY5UyF0+1nSJLXUENuhka2pzy2Fx5pGxqavdrxSCW4U6Pn/PoG3Efspi2frRbHpBV2XsrPE6EDlw==

react-swipeable@^7.0.2:
  version "7.0.2"
  resolved "https://registry.yarnpkg.com/react-swipeable/-/react-swipeable-7.0.2.tgz#ef8858096a47144ba7060675af1cd672e00ecc12"
  integrity sha512-v1Qx1l+aC2fdxKa9aKJiaU/ZxmJ5o98RMoFwUqAAzVWUcxgfHFXDDruCKXhw6zIYXm6V64JiHgP9f6mlME5l8w==
